
Microsoft Visual Studio Solution File, Format Version 12.00
# Visual Studio Version 17
VisualStudioVersion = 17.9.34701.34
MinimumVisualStudioVersion = 10.0.40219.1
Project("{9A19103F-16F7-4668-BE54-9A1E7A4F7556}") = "GenerationServer", "GenerationServer\GenerationServer.csproj", "{024196B8-3BF4-4760-80DE-4F6BDB19EA15}"
EndProject
Project("{FAE04EC0-301F-11D3-BF4B-00C04F79EFBC}") = "GenerationClient", "GenerationClient\GenerationClient.csproj", "{0B964DB0-7EEA-4BC4-B44F-E1002E4CEFE7}"
EndProject
Global
	GlobalSection(SolutionConfigurationPlatforms) = preSolution
		Debug|Any CPU = Debug|Any CPU
		Release|Any CPU = Release|Any CPU
	EndGlobalSection
	GlobalSection(ProjectConfigurationPlatforms) = postSolution
		{024196B8-3BF4-4760-80DE-4F6BDB19EA15}.Debug|Any CPU.ActiveCfg = Debug|Any CPU
		{024196B8-3BF4-4760-80DE-4F6BDB19EA15}.Debug|Any CPU.Build.0 = Debug|Any CPU
		{024196B8-3BF4-4760-80DE-4F6BDB19EA15}.Release|Any CPU.ActiveCfg = Release|Any CPU
		{024196B8-3BF4-4760-80DE-4F6BDB19EA15}.Release|Any CPU.Build.0 = Release|Any CPU
		{0B964DB0-7EEA-4BC4-B44F-E1002E4CEFE7}.Debug|Any CPU.ActiveCfg = Debug|Any CPU
		{0B964DB0-7EEA-4BC4-B44F-E1002E4CEFE7}.Debug|Any CPU.Build.0 = Debug|Any CPU
		{0B964DB0-7EEA-4BC4-B44F-E1002E4CEFE7}.Release|Any CPU.ActiveCfg = Release|Any CPU
		{0B964DB0-7EEA-4BC4-B44F-E1002E4CEFE7}.Release|Any CPU.Build.0 = Release|Any CPU
	EndGlobalSection
	GlobalSection(SolutionProperties) = preSolution
		HideSolutionNode = FALSE
	EndGlobalSection
	GlobalSection(ExtensibilityGlobals) = postSolution
		SolutionGuid = {9258274B-CD3F-4995-993B-7F9F3FDA26B9}
	EndGlobalSection
EndGlobal
